
Microsoft Visual Studio Solution File, Format Version 12.00
# Visual Studio Version 17
VisualStudioVersion = 17.3.32811.315
MinimumVisualStudioVersion = 10.0.40219.1
Project("{FAE04EC0-301F-11D3-BF4B-00C04F79EFBC}") = "IVMS APP", "IVMS APP.csproj", "{C8924ECD-EB97-4412-81E3-EF364425B8EB}"
EndProject
Global
	GlobalSection(SolutionConfigurationPlatforms) = preSolution
		Debug|Any CPU = Debug|Any CPU
		Release|Any CPU = Release|Any CPU
	EndGlobalSection
	GlobalSection(ProjectConfigurationPlatforms) = postSolution
		{C8924ECD-EB97-4412-81E3-EF364425B8EB}.Debug|Any CPU.ActiveCfg = Debug|Any CPU
		{C8924ECD-EB97-4412-81E3-EF364425B8EB}.Debug|Any CPU.Build.0 = Debug|Any CPU
		{C8924ECD-EB97-4412-81E3-EF364425B8EB}.Release|Any CPU.ActiveCfg = Release|Any CPU
		{C8924ECD-EB97-4412-81E3-EF364425B8EB}.Release|Any CPU.Build.0 = Release|Any CPU
	EndGlobalSection
	GlobalSection(SolutionProperties) = preSolution
		HideSolutionNode = FALSE
	EndGlobalSection
	GlobalSection(ExtensibilityGlobals) = postSolution
		SolutionGuid = {7FB509D8-A4FC-4EB0-A3FE-B7B2049DDB01}
	EndGlobalSection
EndGlobal
